
Microsoft Visual Studio Solution File, Format Version 12.00
# Visual Studio Version 17
VisualStudioVersion = 17.11.35327.3
MinimumVisualStudioVersion = 10.0.40219.1
Project("{FAE04EC0-301F-11D3-BF4B-00C04F79EFBC}") = "CsvParser_App", "CsvParser_App.csproj", "{5EB87B03-5A1E-427C-A7F6-A7CC25C9F4F1}"
EndProject
Global
	GlobalSection(SolutionConfigurationPlatforms) = preSolution
		Debug|Any CPU = Debug|Any CPU
		Release|Any CPU = Release|Any CPU
	EndGlobalSection
	GlobalSection(ProjectConfigurationPlatforms) = postSolution
		{5EB87B03-5A1E-427C-A7F6-A7CC25C9F4F1}.Debug|Any CPU.ActiveCfg = Debug|Any CPU
		{5EB87B03-5A1E-427C-A7F6-A7CC25C9F4F1}.Debug|Any CPU.Build.0 = Debug|Any CPU
		{5EB87B03-5A1E-427C-A7F6-A7CC25C9F4F1}.Release|Any CPU.ActiveCfg = Release|Any CPU
		{5EB87B03-5A1E-427C-A7F6-A7CC25C9F4F1}.Release|Any CPU.Build.0 = Release|Any CPU
	EndGlobalSection
	GlobalSection(SolutionProperties) = preSolution
		HideSolutionNode = FALSE
	EndGlobalSection
	GlobalSection(ExtensibilityGlobals) = postSolution
		SolutionGuid = {EA3D08FA-AD8F-4D38-A896-D8A4ED9233F7}
	EndGlobalSection
EndGlobal
